
Microsoft Visual Studio Solution File, Format Version 12.00
# Visual Studio 15
Project("{FAE04EC0-301F-11D3-BF4B-00C04F79EFBC}") = "Assembly-CSharp", "Assembly-CSharp.csproj", "{6F3112B0-853F-CA1F-C5F8-5A654CB44D9B}"
EndProject
Project("{FAE04EC0-301F-11D3-BF4B-00C04F79EFBC}") = "Assembly-CSharp-Editor", "Assembly-CSharp-Editor.csproj", "{4F21A1B6-AC2D-C843-29D6-A3FF9D89BC14}"
EndProject
Global
	GlobalSection(SolutionConfigurationPlatforms) = preSolution
		Debug|Any CPU = Debug|Any CPU
		Release|Any CPU = Release|Any CPU
	EndGlobalSection
	GlobalSection(ProjectConfigurationPlatforms) = postSolution
		{6F3112B0-853F-CA1F-C5F8-5A654CB44D9B}.Debug|Any CPU.ActiveCfg = Debug|Any CPU
		{6F3112B0-853F-CA1F-C5F8-5A654CB44D9B}.Debug|Any CPU.Build.0 = Debug|Any CPU
		{6F3112B0-853F-CA1F-C5F8-5A654CB44D9B}.Release|Any CPU.ActiveCfg = Release|Any CPU
		{6F3112B0-853F-CA1F-C5F8-5A654CB44D9B}.Release|Any CPU.Build.0 = Release|Any CPU
		{4F21A1B6-AC2D-C843-29D6-A3FF9D89BC14}.Debug|Any CPU.ActiveCfg = Debug|Any CPU
		{4F21A1B6-AC2D-C843-29D6-A3FF9D89BC14}.Debug|Any CPU.Build.0 = Debug|Any CPU
		{4F21A1B6-AC2D-C843-29D6-A3FF9D89BC14}.Release|Any CPU.ActiveCfg = Release|Any CPU
		{4F21A1B6-AC2D-C843-29D6-A3FF9D89BC14}.Release|Any CPU.Build.0 = Release|Any CPU
	EndGlobalSection
	GlobalSection(SolutionProperties) = preSolution
		HideSolutionNode = FALSE
	EndGlobalSection
EndGlobal
