
Microsoft Visual Studio Solution File, Format Version 12.00
# Visual Studio 15
Project("{FAE04EC0-301F-11D3-BF4B-00C04F79EFBC}") = "Assembly-CSharp", "Assembly-CSharp.csproj", "{4314BDC5-519A-2F1E-F96F-1363A303BEC8}"
EndProject
Project("{FAE04EC0-301F-11D3-BF4B-00C04F79EFBC}") = "Assembly-CSharp-Editor", "Assembly-CSharp-Editor.csproj", "{7856A96B-CDC3-C9A9-6129-913662DA22E3}"
EndProject
Global
	GlobalSection(SolutionConfigurationPlatforms) = preSolution
		Debug|Any CPU = Debug|Any CPU
		Release|Any CPU = Release|Any CPU
	EndGlobalSection
	GlobalSection(ProjectConfigurationPlatforms) = postSolution
		{4314BDC5-519A-2F1E-F96F-1363A303BEC8}.Debug|Any CPU.ActiveCfg = Debug|Any CPU
		{4314BDC5-519A-2F1E-F96F-1363A303BEC8}.Debug|Any CPU.Build.0 = Debug|Any CPU
		{4314BDC5-519A-2F1E-F96F-1363A303BEC8}.Release|Any CPU.ActiveCfg = Release|Any CPU
		{4314BDC5-519A-2F1E-F96F-1363A303BEC8}.Release|Any CPU.Build.0 = Release|Any CPU
		{7856A96B-CDC3-C9A9-6129-913662DA22E3}.Debug|Any CPU.ActiveCfg = Debug|Any CPU
		{7856A96B-CDC3-C9A9-6129-913662DA22E3}.Debug|Any CPU.Build.0 = Debug|Any CPU
		{7856A96B-CDC3-C9A9-6129-913662DA22E3}.Release|Any CPU.ActiveCfg = Release|Any CPU
		{7856A96B-CDC3-C9A9-6129-913662DA22E3}.Release|Any CPU.Build.0 = Release|Any CPU
	EndGlobalSection
	GlobalSection(SolutionProperties) = preSolution
		HideSolutionNode = FALSE
	EndGlobalSection
EndGlobal
